
Microsoft Visual Studio Solution File, Format Version 12.00
# Visual Studio Version 17
VisualStudioVersion = 17.14.37027.9
MinimumVisualStudioVersion = 10.0.40219.1
Project("{8BC9CEB8-8B4A-11D0-8D11-00A0C91BC942}") = "WinLib", "WinLib\WinLib.vcxproj", "{C4A07088-D3B4-4050-9955-98E3785D12C8}"
EndProject
Project("{8BC9CEB8-8B4A-11D0-8D11-00A0C91BC942}") = "VolumeLib", "VolumeLib\VolumeLib.vcxproj", "{CF229339-5F57-45A9-ACC2-3AFB3ACA226C}"
EndProject
Project("{8BC9CEB8-8B4A-11D0-8D11-00A0C91BC942}") = "VirtualFileSystem", "VirtualFileSystem\VirtualFileSystem.vcxproj", "{7523AF44-A7CE-4F68-A955-63606AB0924E}"
EndProject
Project("{8BC9CEB8-8B4A-11D0-8D11-00A0C91BC942}") = "SpriteLib", "SpriteLib\SpriteLib.vcxproj", "{A33C102E-0230-448C-852B-9AC83A7FF03F}"
EndProject
Project("{8BC9CEB8-8B4A-11D0-8D11-00A0C91BC942}") = "RarLib", "RarLib\RarLib.vcxproj", "{E1CCA2EE-38BF-4178-B525-F515CE3FB148}"
EndProject
Project("{8BC9CEB8-8B4A-11D0-8D11-00A0C91BC942}") = "OggLib", "OggLib\OggLib.vcxproj", "{B43DA500-FF93-4583-A9F8-882038258E11}"
EndProject
Project("{8BC9CEB8-8B4A-11D0-8D11-00A0C91BC942}") = "MZLib", "MZLib\MZLib.vcxproj", "{59F5E341-EC34-4438-B3BA-E364219F29A2}"
EndProject
Project("{8BC9CEB8-8B4A-11D0-8D11-00A0C91BC942}") = "MiniLZO", "MiniLZO\MiniLZO.vcxproj", "{F0C7ECF8-7EB6-4B55-9DCB-3E9D43B0618D}"
EndProject
Project("{8BC9CEB8-8B4A-11D0-8D11-00A0C91BC942}") = "FrameLib", "FrameLib\FrameLib.vcxproj", "{CFC69368-9639-46C1-914F-9078CA75C2E7}"
EndProject
Project("{8BC9CEB8-8B4A-11D0-8D11-00A0C91BC942}") = "FileCheckLib", "FileCheckLib\FileCheckLib.vcxproj", "{B04805CC-8D73-4A8D-A641-BC160290FAC8}"
EndProject
Project("{8BC9CEB8-8B4A-11D0-8D11-00A0C91BC942}") = "DXLib", "DXLib\DXLib.vcxproj", "{3A5523B4-FA3D-42E3-8ECA-DD2891316519}"
EndProject
Project("{8BC9CEB8-8B4A-11D0-8D11-00A0C91BC942}") = "DEUtil", "DEUtil\DEUtil.vcxproj", "{44D15D6F-E770-4ACF-9B69-C8D4A5D435E4}"
EndProject
Project("{8BC9CEB8-8B4A-11D0-8D11-00A0C91BC942}") = "D3DLib", "D3DLib\D3DLib.vcxproj", "{7C2E074B-9652-4F66-B384-92BD616628BC}"
EndProject
Project("{8BC9CEB8-8B4A-11D0-8D11-00A0C91BC942}") = "UI", "UI\UI.vcxproj", "{9AF21CC1-B56B-4BC2-BA89-4B1E8729B1A5}"
EndProject
Project("{8BC9CEB8-8B4A-11D0-8D11-00A0C91BC942}") = "PS", "PS\PS.vcxproj", "{26B545C4-505F-4A9E-99FA-B8D23BCCF53E}"
EndProject
Project("{8BC9CEB8-8B4A-11D0-8D11-00A0C91BC942}") = "NMCrypt", "NMCrypt\NMCrypt.vcxproj", "{2A874A88-5AEC-4C4A-8621-4D419270D51F}"
EndProject
Project("{8BC9CEB8-8B4A-11D0-8D11-00A0C91BC942}") = "MLib", "MLib\MLib.vcxproj", "{DF6496A5-9EB4-4E36-9A8C-32DF3B18A14D}"
EndProject
Project("{8BC9CEB8-8B4A-11D0-8D11-00A0C91BC942}") = "AtlTypes", "AtlTypes\AtlTypes.vcxproj", "{5C688207-A75C-49F7-A289-6D4E22ACD8B9}"
EndProject
Project("{8BC9CEB8-8B4A-11D0-8D11-00A0C91BC942}") = "Updater", "Updater\Updater.vcxproj", "{270A4B84-511E-40C2-B634-D1C18B39F349}"
EndProject
Project("{8BC9CEB8-8B4A-11D0-8D11-00A0C91BC942}") = "JpegLib", "JpegLib\JpegLib.vcxproj", "{6F2CE723-445A-4F6A-986B-7CB59ECD75E0}"
EndProject
Project("{8BC9CEB8-8B4A-11D0-8D11-00A0C91BC942}") = "Timer", "Timer\Timer.vcxproj", "{34D50056-5E49-4224-8447-998D36AD09D5}"
EndProject
Project("{8BC9CEB8-8B4A-11D0-8D11-00A0C91BC942}") = "Vorbis", "Vorbis\Vorbis.vcxproj", "{7753DC08-5FA2-4F79-A8FE-95B2266009DA}"
EndProject
Project("{8BC9CEB8-8B4A-11D0-8D11-00A0C91BC942}") = "NPGameLib", "NPGameLib\NPGameLib.vcxproj", "{4BA229EA-E91A-4B61-824C-32C18F5BB3A1}"
EndProject
Project("{8BC9CEB8-8B4A-11D0-8D11-00A0C91BC942}") = "GPacket", "Packet\Gpackets\GPacket.vcxproj", "{E6656EA5-3F94-43D0-B1F7-EE153A821D66}"
EndProject
Global
	GlobalSection(SolutionConfigurationPlatforms) = preSolution
		Debug|x64 = Debug|x64
		Debug|x86 = Debug|x86
		Release|x64 = Release|x64
		Release|x86 = Release|x86
	EndGlobalSection
	GlobalSection(ProjectConfigurationPlatforms) = postSolution
		{C4A07088-D3B4-4050-9955-98E3785D12C8}.Debug|x64.ActiveCfg = Debug|x64
		{C4A07088-D3B4-4050-9955-98E3785D12C8}.Debug|x64.Build.0 = Debug|x64
		{C4A07088-D3B4-4050-9955-98E3785D12C8}.Debug|x86.ActiveCfg = Debug|Win32
		{C4A07088-D3B4-4050-9955-98E3785D12C8}.Debug|x86.Build.0 = Debug|Win32
		{C4A07088-D3B4-4050-9955-98E3785D12C8}.Release|x64.ActiveCfg = Release|x64
		{C4A07088-D3B4-4050-9955-98E3785D12C8}.Release|x64.Build.0 = Release|x64
		{C4A07088-D3B4-4050-9955-98E3785D12C8}.Release|x86.ActiveCfg = Release|Win32
		{C4A07088-D3B4-4050-9955-98E3785D12C8}.Release|x86.Build.0 = Release|Win32
		{CF229339-5F57-45A9-ACC2-3AFB3ACA226C}.Debug|x64.ActiveCfg = Debug|x64
		{CF229339-5F57-45A9-ACC2-3AFB3ACA226C}.Debug|x64.Build.0 = Debug|x64
		{CF229339-5F57-45A9-ACC2-3AFB3ACA226C}.Debug|x86.ActiveCfg = Debug|Win32
		{CF229339-5F57-45A9-ACC2-3AFB3ACA226C}.Debug|x86.Build.0 = Debug|Win32
		{CF229339-5F57-45A9-ACC2-3AFB3ACA226C}.Release|x64.ActiveCfg = Release|x64
		{CF229339-5F57-45A9-ACC2-3AFB3ACA226C}.Release|x64.Build.0 = Release|x64
		{CF229339-5F57-45A9-ACC2-3AFB3ACA226C}.Release|x86.ActiveCfg = Release|Win32
		{CF229339-5F57-45A9-ACC2-3AFB3ACA226C}.Release|x86.Build.0 = Release|Win32
		{7523AF44-A7CE-4F68-A955-63606AB0924E}.Debug|x64.ActiveCfg = Debug|x64
		{7523AF44-A7CE-4F68-A955-63606AB0924E}.Debug|x64.Build.0 = Debug|x64
		{7523AF44-A7CE-4F68-A955-63606AB0924E}.Debug|x86.ActiveCfg = Debug|Win32
		{7523AF44-A7CE-4F68-A955-63606AB0924E}.Debug|x86.Build.0 = Debug|Win32
		{7523AF44-A7CE-4F68-A955-63606AB0924E}.Release|x64.ActiveCfg = Release|x64
		{7523AF44-A7CE-4F68-A955-63606AB0924E}.Release|x64.Build.0 = Release|x64
		{7523AF44-A7CE-4F68-A955-63606AB0924E}.Release|x86.ActiveCfg = Release|Win32
		{7523AF44-A7CE-4F68-A955-63606AB0924E}.Release|x86.Build.0 = Release|Win32
		{A33C102E-0230-448C-852B-9AC83A7FF03F}.Debug|x64.ActiveCfg = Debug|x64
		{A33C102E-0230-448C-852B-9AC83A7FF03F}.Debug|x64.Build.0 = Debug|x64
		{A33C102E-0230-448C-852B-9AC83A7FF03F}.Debug|x86.ActiveCfg = Debug|Win32
		{A33C102E-0230-448C-852B-9AC83A7FF03F}.Debug|x86.Build.0 = Debug|Win32
		{A33C102E-0230-448C-852B-9AC83A7FF03F}.Release|x64.ActiveCfg = Release|x64
		{A33C102E-0230-448C-852B-9AC83A7FF03F}.Release|x64.Build.0 = Release|x64
		{A33C102E-0230-448C-852B-9AC83A7FF03F}.Release|x86.ActiveCfg = Release|Win32
		{A33C102E-0230-448C-852B-9AC83A7FF03F}.Release|x86.Build.0 = Release|Win32
		{E1CCA2EE-38BF-4178-B525-F515CE3FB148}.Debug|x64.ActiveCfg = Debug|x64
		{E1CCA2EE-38BF-4178-B525-F515CE3FB148}.Debug|x64.Build.0 = Debug|x64
		{E1CCA2EE-38BF-4178-B525-F515CE3FB148}.Debug|x86.ActiveCfg = Debug|Win32
		{E1CCA2EE-38BF-4178-B525-F515CE3FB148}.Debug|x86.Build.0 = Debug|Win32
		{E1CCA2EE-38BF-4178-B525-F515CE3FB148}.Release|x64.ActiveCfg = Release|x64
		{E1CCA2EE-38BF-4178-B525-F515CE3FB148}.Release|x64.Build.0 = Release|x64
		{E1CCA2EE-38BF-4178-B525-F515CE3FB148}.Release|x86.ActiveCfg = Release|Win32
		{E1CCA2EE-38BF-4178-B525-F515CE3FB148}.Release|x86.Build.0 = Release|Win32
		{B43DA500-FF93-4583-A9F8-882038258E11}.Debug|x64.ActiveCfg = Debug|x64
		{B43DA500-FF93-4583-A9F8-882038258E11}.Debug|x64.Build.0 = Debug|x64
		{B43DA500-FF93-4583-A9F8-882038258E11}.Debug|x86.ActiveCfg = Debug|Win32
		{B43DA500-FF93-4583-A9F8-882038258E11}.Debug|x86.Build.0 = Debug|Win32
		{B43DA500-FF93-4583-A9F8-882038258E11}.Release|x64.ActiveCfg = Release|x64
		{B43DA500-FF93-4583-A9F8-882038258E11}.Release|x64.Build.0 = Release|x64
		{B43DA500-FF93-4583-A9F8-882038258E11}.Release|x86.ActiveCfg = Release|Win32
		{B43DA500-FF93-4583-A9F8-882038258E11}.Release|x86.Build.0 = Release|Win32
		{59F5E341-EC34-4438-B3BA-E364219F29A2}.Debug|x64.ActiveCfg = Debug|x64
		{59F5E341-EC34-4438-B3BA-E364219F29A2}.Debug|x64.Build.0 = Debug|x64
		{59F5E341-EC34-4438-B3BA-E364219F29A2}.Debug|x86.ActiveCfg = Debug|Win32
		{59F5E341-EC34-4438-B3BA-E364219F29A2}.Debug|x86.Build.0 = Debug|Win32
		{59F5E341-EC34-4438-B3BA-E364219F29A2}.Release|x64.ActiveCfg = Release|x64
		{59F5E341-EC34-4438-B3BA-E364219F29A2}.Release|x64.Build.0 = Release|x64
		{59F5E341-EC34-4438-B3BA-E364219F29A2}.Release|x86.ActiveCfg = Release|Win32
		{59F5E341-EC34-4438-B3BA-E364219F29A2}.Release|x86.Build.0 = Release|Win32
		{F0C7ECF8-7EB6-4B55-9DCB-3E9D43B0618D}.Debug|x64.ActiveCfg = Debug|x64
		{F0C7ECF8-7EB6-4B55-9DCB-3E9D43B0618D}.Debug|x64.Build.0 = Debug|x64
		{F0C7ECF8-7EB6-4B55-9DCB-3E9D43B0618D}.Debug|x86.ActiveCfg = Debug|Win32
		{F0C7ECF8-7EB6-4B55-9DCB-3E9D43B0618D}.Debug|x86.Build.0 = Debug|Win32
		{F0C7ECF8-7EB6-4B55-9DCB-3E9D43B0618D}.Release|x64.ActiveCfg = Release|x64
		{F0C7ECF8-7EB6-4B55-9DCB-3E9D43B0618D}.Release|x64.Build.0 = Release|x64
		{F0C7ECF8-7EB6-4B55-9DCB-3E9D43B0618D}.Release|x86.ActiveCfg = Release|Win32
		{F0C7ECF8-7EB6-4B55-9DCB-3E9D43B0618D}.Release|x86.Build.0 = Release|Win32
		{CFC69368-9639-46C1-914F-9078CA75C2E7}.Debug|x64.ActiveCfg = Debug|x64
		{CFC69368-9639-46C1-914F-9078CA75C2E7}.Debug|x64.Build.0 = Debug|x64
		{CFC69368-9639-46C1-914F-9078CA75C2E7}.Debug|x86.ActiveCfg = Debug|Win32
		{CFC69368-9639-46C1-914F-9078CA75C2E7}.Debug|x86.Build.0 = Debug|Win32
		{CFC69368-9639-46C1-914F-9078CA75C2E7}.Release|x64.ActiveCfg = Release|x64
		{CFC69368-9639-46C1-914F-9078CA75C2E7}.Release|x64.Build.0 = Release|x64
		{CFC69368-9639-46C1-914F-9078CA75C2E7}.Release|x86.ActiveCfg = Release|Win32
		{CFC69368-9639-46C1-914F-9078CA75C2E7}.Release|x86.Build.0 = Release|Win32
		{B04805CC-8D73-4A8D-A641-BC160290FAC8}.Debug|x64.ActiveCfg = Debug|x64
		{B04805CC-8D73-4A8D-A641-BC160290FAC8}.Debug|x64.Build.0 = Debug|x64
		{B04805CC-8D73-4A8D-A641-BC160290FAC8}.Debug|x86.ActiveCfg = Debug|Win32
		{B04805CC-8D73-4A8D-A641-BC160290FAC8}.Debug|x86.Build.0 = Debug|Win32
		{B04805CC-8D73-4A8D-A641-BC160290FAC8}.Release|x64.ActiveCfg = Release|x64
		{B04805CC-8D73-4A8D-A641-BC160290FAC8}.Release|x64.Build.0 = Release|x64
		{B04805CC-8D73-4A8D-A641-BC160290FAC8}.Release|x86.ActiveCfg = Release|Win32
		{B04805CC-8D73-4A8D-A641-BC160290FAC8}.Release|x86.Build.0 = Release|Win32
		{3A5523B4-FA3D-42E3-8ECA-DD2891316519}.Debug|x64.ActiveCfg = Debug|x64
		{3A5523B4-FA3D-42E3-8ECA-DD2891316519}.Debug|x64.Build.0 = Debug|x64
		{3A5523B4-FA3D-42E3-8ECA-DD2891316519}.Debug|x86.ActiveCfg = Debug|Win32
		{3A5523B4-FA3D-42E3-8ECA-DD2891316519}.Debug|x86.Build.0 = Debug|Win32
		{3A5523B4-FA3D-42E3-8ECA-DD2891316519}.Release|x64.ActiveCfg = Release|x64
		{3A5523B4-FA3D-42E3-8ECA-DD2891316519}.Release|x64.Build.0 = Release|x64
		{3A5523B4-FA3D-42E3-8ECA-DD2891316519}.Release|x86.ActiveCfg = Release|Win32
		{3A5523B4-FA3D-42E3-8ECA-DD2891316519}.Release|x86.Build.0 = Release|Win32
		{44D15D6F-E770-4ACF-9B69-C8D4A5D435E4}.Debug|x64.ActiveCfg = Debug|x64
		{44D15D6F-E770-4ACF-9B69-C8D4A5D435E4}.Debug|x64.Build.0 = Debug|x64
		{44D15D6F-E770-4ACF-9B69-C8D4A5D435E4}.Debug|x86.ActiveCfg = Debug|Win32
		{44D15D6F-E770-4ACF-9B69-C8D4A5D435E4}.Debug|x86.Build.0 = Debug|Win32
		{44D15D6F-E770-4ACF-9B69-C8D4A5D435E4}.Release|x64.ActiveCfg = Release|x64
		{44D15D6F-E770-4ACF-9B69-C8D4A5D435E4}.Release|x64.Build.0 = Release|x64
		{44D15D6F-E770-4ACF-9B69-C8D4A5D435E4}.Release|x86.ActiveCfg = Release|Win32
		{44D15D6F-E770-4ACF-9B69-C8D4A5D435E4}.Release|x86.Build.0 = Release|Win32
		{7C2E074B-9652-4F66-B384-92BD616628BC}.Debug|x64.ActiveCfg = Debug|x64
		{7C2E074B-9652-4F66-B384-92BD616628BC}.Debug|x64.Build.0 = Debug|x64
		{7C2E074B-9652-4F66-B384-92BD616628BC}.Debug|x86.ActiveCfg = Debug|Win32
		{7C2E074B-9652-4F66-B384-92BD616628BC}.Debug|x86.Build.0 = Debug|Win32
		{7C2E074B-9652-4F66-B384-92BD616628BC}.Release|x64.ActiveCfg = Release|x64
		{7C2E074B-9652-4F66-B384-92BD616628BC}.Release|x64.Build.0 = Release|x64
		{7C2E074B-9652-4F66-B384-92BD616628BC}.Release|x86.ActiveCfg = Release|Win32
		{7C2E074B-9652-4F66-B384-92BD616628BC}.Release|x86.Build.0 = Release|Win32
		{9AF21CC1-B56B-4BC2-BA89-4B1E8729B1A5}.Debug|x64.ActiveCfg = Debug|x64
		{9AF21CC1-B56B-4BC2-BA89-4B1E8729B1A5}.Debug|x64.Build.0 = Debug|x64
		{9AF21CC1-B56B-4BC2-BA89-4B1E8729B1A5}.Debug|x86.ActiveCfg = Debug|Win32
		{9AF21CC1-B56B-4BC2-BA89-4B1E8729B1A5}.Debug|x86.Build.0 = Debug|Win32
		{9AF21CC1-B56B-4BC2-BA89-4B1E8729B1A5}.Release|x64.ActiveCfg = Release|x64
		{9AF21CC1-B56B-4BC2-BA89-4B1E8729B1A5}.Release|x86.ActiveCfg = Release|Win32
		{9AF21CC1-B56B-4BC2-BA89-4B1E8729B1A5}.Release|x86.Build.0 = Release|Win32
		{26B545C4-505F-4A9E-99FA-B8D23BCCF53E}.Debug|x64.ActiveCfg = Debug|x64
		{26B545C4-505F-4A9E-99FA-B8D23BCCF53E}.Debug|x64.Build.0 = Debug|x64
		{26B545C4-505F-4A9E-99FA-B8D23BCCF53E}.Debug|x86.ActiveCfg = Debug|Win32
		{26B545C4-505F-4A9E-99FA-B8D23BCCF53E}.Debug|x86.Build.0 = Debug|Win32
		{26B545C4-505F-4A9E-99FA-B8D23BCCF53E}.Release|x64.ActiveCfg = Release|x64
		{26B545C4-505F-4A9E-99FA-B8D23BCCF53E}.Release|x64.Build.0 = Release|x64
		{26B545C4-505F-4A9E-99FA-B8D23BCCF53E}.Release|x86.ActiveCfg = Release|Win32
		{26B545C4-505F-4A9E-99FA-B8D23BCCF53E}.Release|x86.Build.0 = Release|Win32
		{2A874A88-5AEC-4C4A-8621-4D419270D51F}.Debug|x64.ActiveCfg = Debug|x64
		{2A874A88-5AEC-4C4A-8621-4D419270D51F}.Debug|x64.Build.0 = Debug|x64
		{2A874A88-5AEC-4C4A-8621-4D419270D51F}.Debug|x86.ActiveCfg = Debug|Win32
		{2A874A88-5AEC-4C4A-8621-4D419270D51F}.Debug|x86.Build.0 = Debug|Win32
		{2A874A88-5AEC-4C4A-8621-4D419270D51F}.Release|x64.ActiveCfg = Release|x64
		{2A874A88-5AEC-4C4A-8621-4D419270D51F}.Release|x64.Build.0 = Release|x64
		{2A874A88-5AEC-4C4A-8621-4D419270D51F}.Release|x86.ActiveCfg = Release|Win32
		{2A874A88-5AEC-4C4A-8621-4D419270D51F}.Release|x86.Build.0 = Release|Win32
		{DF6496A5-9EB4-4E36-9A8C-32DF3B18A14D}.Debug|x64.ActiveCfg = Debug|x64
		{DF6496A5-9EB4-4E36-9A8C-32DF3B18A14D}.Debug|x64.Build.0 = Debug|x64
		{DF6496A5-9EB4-4E36-9A8C-32DF3B18A14D}.Debug|x86.ActiveCfg = Debug|Win32
		{DF6496A5-9EB4-4E36-9A8C-32DF3B18A14D}.Debug|x86.Build.0 = Debug|Win32
		{DF6496A5-9EB4-4E36-9A8C-32DF3B18A14D}.Release|x64.ActiveCfg = Release|x64
		{DF6496A5-9EB4-4E36-9A8C-32DF3B18A14D}.Release|x64.Build.0 = Release|x64
		{DF6496A5-9EB4-4E36-9A8C-32DF3B18A14D}.Release|x86.ActiveCfg = Release|Win32
		{DF6496A5-9EB4-4E36-9A8C-32DF3B18A14D}.Release|x86.Build.0 = Release|Win32
		{5C688207-A75C-49F7-A289-6D4E22ACD8B9}.Debug|x64.ActiveCfg = Debug|x64
		{5C688207-A75C-49F7-A289-6D4E22ACD8B9}.Debug|x64.Build.0 = Debug|x64
		{5C688207-A75C-49F7-A289-6D4E22ACD8B9}.Debug|x86.ActiveCfg = Debug|Win32
		{5C688207-A75C-49F7-A289-6D4E22ACD8B9}.Debug|x86.Build.0 = Debug|Win32
		{5C688207-A75C-49F7-A289-6D4E22ACD8B9}.Release|x64.ActiveCfg = Release|x64
		{5C688207-A75C-49F7-A289-6D4E22ACD8B9}.Release|x64.Build.0 = Release|x64
		{5C688207-A75C-49F7-A289-6D4E22ACD8B9}.Release|x86.ActiveCfg = Release|Win32
		{5C688207-A75C-49F7-A289-6D4E22ACD8B9}.Release|x86.Build.0 = Release|Win32
		{270A4B84-511E-40C2-B634-D1C18B39F349}.Debug|x64.ActiveCfg = Debug|x64
		{270A4B84-511E-40C2-B634-D1C18B39F349}.Debug|x64.Build.0 = Debug|x64
		{270A4B84-511E-40C2-B634-D1C18B39F349}.Debug|x86.ActiveCfg = Debug|Win32
		{270A4B84-511E-40C2-B634-D1C18B39F349}.Debug|x86.Build.0 = Debug|Win32
		{270A4B84-511E-40C2-B634-D1C18B39F349}.Release|x64.ActiveCfg = Release|x64
		{270A4B84-511E-40C2-B634-D1C18B39F349}.Release|x86.ActiveCfg = Release|Win32
		{270A4B84-511E-40C2-B634-D1C18B39F349}.Release|x86.Build.0 = Release|Win32
		{6F2CE723-445A-4F6A-986B-7CB59ECD75E0}.Debug|x64.ActiveCfg = Debug|x64
		{6F2CE723-445A-4F6A-986B-7CB59ECD75E0}.Debug|x64.Build.0 = Debug|x64
		{6F2CE723-445A-4F6A-986B-7CB59ECD75E0}.Debug|x86.ActiveCfg = Debug|Win32
		{6F2CE723-445A-4F6A-986B-7CB59ECD75E0}.Debug|x86.Build.0 = Debug|Win32
		{6F2CE723-445A-4F6A-986B-7CB59ECD75E0}.Release|x64.ActiveCfg = Release|x64
		{6F2CE723-445A-4F6A-986B-7CB59ECD75E0}.Release|x64.Build.0 = Release|x64
		{6F2CE723-445A-4F6A-986B-7CB59ECD75E0}.Release|x86.ActiveCfg = Release|Win32
		{6F2CE723-445A-4F6A-986B-7CB59ECD75E0}.Release|x86.Build.0 = Release|Win32
		{34D50056-5E49-4224-8447-998D36AD09D5}.Debug|x64.ActiveCfg = Debug|x64
		{34D50056-5E49-4224-8447-998D36AD09D5}.Debug|x64.Build.0 = Debug|x64
		{34D50056-5E49-4224-8447-998D36AD09D5}.Debug|x86.ActiveCfg = Debug|Win32
		{34D50056-5E49-4224-8447-998D36AD09D5}.Debug|x86.Build.0 = Debug|Win32
		{34D50056-5E49-4224-8447-998D36AD09D5}.Release|x64.ActiveCfg = Release|x64
		{34D50056-5E49-4224-8447-998D36AD09D5}.Release|x64.Build.0 = Release|x64
		{34D50056-5E49-4224-8447-998D36AD09D5}.Release|x86.ActiveCfg = Release|Win32
		{34D50056-5E49-4224-8447-998D36AD09D5}.Release|x86.Build.0 = Release|Win32
		{7753DC08-5FA2-4F79-A8FE-95B2266009DA}.Debug|x64.ActiveCfg = Debug|x64
		{7753DC08-5FA2-4F79-A8FE-95B2266009DA}.Debug|x64.Build.0 = Debug|x64
		{7753DC08-5FA2-4F79-A8FE-95B2266009DA}.Debug|x86.ActiveCfg = Debug|Win32
		{7753DC08-5FA2-4F79-A8FE-95B2266009DA}.Debug|x86.Build.0 = Debug|Win32
		{7753DC08-5FA2-4F79-A8FE-95B2266009DA}.Release|x64.ActiveCfg = Release|x64
		{7753DC08-5FA2-4F79-A8FE-95B2266009DA}.Release|x64.Build.0 = Release|x64
		{7753DC08-5FA2-4F79-A8FE-95B2266009DA}.Release|x86.ActiveCfg = Release|Win32
		{7753DC08-5FA2-4F79-A8FE-95B2266009DA}.Release|x86.Build.0 = Release|Win32
		{4BA229EA-E91A-4B61-824C-32C18F5BB3A1}.Debug|x64.ActiveCfg = Debug|x64
		{4BA229EA-E91A-4B61-824C-32C18F5BB3A1}.Debug|x64.Build.0 = Debug|x64
		{4BA229EA-E91A-4B61-824C-32C18F5BB3A1}.Debug|x86.ActiveCfg = Debug|Win32
		{4BA229EA-E91A-4B61-824C-32C18F5BB3A1}.Debug|x86.Build.0 = Debug|Win32
		{4BA229EA-E91A-4B61-824C-32C18F5BB3A1}.Release|x64.ActiveCfg = Release|x64
		{4BA229EA-E91A-4B61-824C-32C18F5BB3A1}.Release|x64.Build.0 = Release|x64
		{4BA229EA-E91A-4B61-824C-32C18F5BB3A1}.Release|x86.ActiveCfg = Release|Win32
		{4BA229EA-E91A-4B61-824C-32C18F5BB3A1}.Release|x86.Build.0 = Release|Win32
		{E6656EA5-3F94-43D0-B1F7-EE153A821D66}.Debug|x64.ActiveCfg = Debug|x64
		{E6656EA5-3F94-43D0-B1F7-EE153A821D66}.Debug|x64.Build.0 = Debug|x64
		{E6656EA5-3F94-43D0-B1F7-EE153A821D66}.Debug|x86.ActiveCfg = Debug|Win32
		{E6656EA5-3F94-43D0-B1F7-EE153A821D66}.Debug|x86.Build.0 = Debug|Win32
		{E6656EA5-3F94-43D0-B1F7-EE153A821D66}.Release|x64.ActiveCfg = Release|x64
		{E6656EA5-3F94-43D0-B1F7-EE153A821D66}.Release|x64.Build.0 = Release|x64
		{E6656EA5-3F94-43D0-B1F7-EE153A821D66}.Release|x86.ActiveCfg = Release|Win32
		{E6656EA5-3F94-43D0-B1F7-EE153A821D66}.Release|x86.Build.0 = Release|Win32
	EndGlobalSection
	GlobalSection(SolutionProperties) = preSolution
		HideSolutionNode = FALSE
	EndGlobalSection
	GlobalSection(ExtensibilityGlobals) = postSolution
		SolutionGuid = {CD8F2736-F7B9-4AC1-8625-7C3316A6FFD8}
	EndGlobalSection
EndGlobal
