
Microsoft Visual Studio Solution File, Format Version 12.00
# Visual Studio Version 17
VisualStudioVersion = 17.14.36603.0
MinimumVisualStudioVersion = 10.0.40219.1
Project("{8BC9CEB8-8B4A-11D0-8D11-00A0C91BC942}") = "EffectManager", "EffectManager.vcxproj", "{EB324042-273B-41A0-BEC3-DCD986B55906}"
EndProject
Global
	GlobalSection(SolutionConfigurationPlatforms) = preSolution
		Debug|x64 = Debug|x64
		Release|x64 = Release|x64
	EndGlobalSection
	GlobalSection(ProjectConfigurationPlatforms) = postSolution
		{EB324042-273B-41A0-BEC3-DCD986B55906}.Debug|x64.ActiveCfg = Debug|x64
		{EB324042-273B-41A0-BEC3-DCD986B55906}.Debug|x64.Build.0 = Debug|x64
		{EB324042-273B-41A0-BEC3-DCD986B55906}.Release|x64.ActiveCfg = Release|x64
		{EB324042-273B-41A0-BEC3-DCD986B55906}.Release|x64.Build.0 = Release|x64
	EndGlobalSection
	GlobalSection(SolutionProperties) = preSolution
		HideSolutionNode = FALSE
	EndGlobalSection
	GlobalSection(ExtensibilityGlobals) = postSolution
		SolutionGuid = {89A92BB8-DD38-4A97-A871-664A259BF0E2}
	EndGlobalSection
EndGlobal
