<?xml version="1.0" encoding="utf-8"?>
<Project ToolsVersion="4.0" xmlns="http://schemas.microsoft.com/developer/msbuild/2003">
  <ItemGroup>
    <Filter Include="Header Files">
      <UniqueIdentifier>{882dc97b-390c-4510-86f4-ed8afbdaa31b}</UniqueIdentifier>
    </Filter>
    <Filter Include="Source Files">
      <UniqueIdentifier>{7d221fb9-9547-467b-acb3-84e9d61d3041}</UniqueIdentifier>
    </Filter>
  </ItemGroup>
  <ItemGroup>
    <ClCompile Include="Assert.cpp">
      <Filter>Source Files</Filter>
    </ClCompile>
    <ClCompile Include="Crypt.cpp">
      <Filter>Source Files</Filter>
    </ClCompile>
    <ClCompile Include="Datagram.cpp">
      <Filter>Source Files</Filter>
    </ClCompile>
    <ClCompile Include="DatagramSocket.cpp">
      <Filter>Source Files</Filter>
    </ClCompile>
    <ClCompile Include="EffectInfo.cpp">
      <Filter>Source Files</Filter>
    </ClCompile>
    <ClCompile Include="Encrypter.cpp">
      <Filter>Source Files</Filter>
    </ClCompile>
    <ClCompile Include="ExtraInfo.cpp">
      <Filter>Source Files</Filter>
    </ClCompile>
    <ClCompile Include="ExtraSlotInfo.cpp">
      <Filter>Source Files</Filter>
    </ClCompile>
    <ClCompile Include="FileAPILocal.cpp">
      <Filter>Source Files</Filter>
    </ClCompile>
    <ClCompile Include="GameTime.cpp">
      <Filter>Source Files</Filter>
    </ClCompile>
    <ClCompile Include="GearInfo.cpp">
      <Filter>Source Files</Filter>
    </ClCompile>
    <ClCompile Include="GearSlotInfo.cpp">
      <Filter>Source Files</Filter>
    </ClCompile>
    <ClCompile Include="GuildWarInfo.cpp">
      <Filter>Source Files</Filter>
    </ClCompile>
    <ClCompile Include="InstanceDoungeonInfo.cpp">
      <Filter>Source Files</Filter>
    </ClCompile>
    <ClCompile Include="InventoryInfo.cpp">
      <Filter>Source Files</Filter>
    </ClCompile>
    <ClCompile Include="InventorySlotInfo.cpp">
      <Filter>Source Files</Filter>
    </ClCompile>
    <ClCompile Include="LevelWarInfo.cpp">
      <Filter>Source Files</Filter>
    </ClCompile>
    <ClCompile Include="ModifyInfo.cpp">
      <Filter>Source Files</Filter>
    </ClCompile>
    <ClCompile Include="PacketIDSet.cpp">
      <Filter>Source Files</Filter>
    </ClCompile>
    <ClCompile Include="PCItemInfo.cpp">
      <Filter>Source Files</Filter>
    </ClCompile>
    <ClCompile Include="PetInfo.cpp">
      <Filter>Source Files</Filter>
    </ClCompile>
    <ClCompile Include="Properties.cpp">
      <Filter>Source Files</Filter>
    </ClCompile>
    <ClCompile Include="QuestStatusInfo.cpp">
      <Filter>Source Files</Filter>
    </ClCompile>
    <ClCompile Include="RideMotorcycleInfo.cpp">
      <Filter>Source Files</Filter>
    </ClCompile>
    <ClCompile Include="RideMotorcycleSlotInfo.cpp">
      <Filter>Source Files</Filter>
    </ClCompile>
    <ClCompile Include="ScriptParameter.cpp">
      <Filter>Source Files</Filter>
    </ClCompile>
    <ClCompile Include="ServerGroupInfo.cpp">
      <Filter>Source Files</Filter>
    </ClCompile>
    <ClCompile Include="StringStream.cpp">
      <Filter>Source Files</Filter>
    </ClCompile>
  </ItemGroup>
  <ItemGroup>
    <ClInclude Include="Assert.h">
      <Filter>Header Files</Filter>
    </ClInclude>
    <ClInclude Include="Crypt.h">
      <Filter>Header Files</Filter>
    </ClInclude>
    <ClInclude Include="Datagram.h">
      <Filter>Header Files</Filter>
    </ClInclude>
    <ClInclude Include="DatagramPacket.h">
      <Filter>Header Files</Filter>
    </ClInclude>
    <ClInclude Include="DatagramSocket.h">
      <Filter>Header Files</Filter>
    </ClInclude>
    <ClInclude Include="EffectInfo.h">
      <Filter>Header Files</Filter>
    </ClInclude>
    <ClInclude Include="Encrypter.h">
      <Filter>Header Files</Filter>
    </ClInclude>
    <ClInclude Include="EncryptUtility.h">
      <Filter>Header Files</Filter>
    </ClInclude>
    <ClInclude Include="ExtraInfo.h">
      <Filter>Header Files</Filter>
    </ClInclude>
    <ClInclude Include="ExtraSlotInfo.h">
      <Filter>Header Files</Filter>
    </ClInclude>
    <ClInclude Include="FileAPILocal.h">
      <Filter>Header Files</Filter>
    </ClInclude>
    <ClInclude Include="GameTime.h">
      <Filter>Header Files</Filter>
    </ClInclude>
    <ClInclude Include="GearInfo.h">
      <Filter>Header Files</Filter>
    </ClInclude>
    <ClInclude Include="GearSlotInfo.h">
      <Filter>Header Files</Filter>
    </ClInclude>
    <ClInclude Include="GuildWarInfo.h">
      <Filter>Header Files</Filter>
    </ClInclude>
    <ClInclude Include="InstanceDoungeonInfo.h">
      <Filter>Header Files</Filter>
    </ClInclude>
    <ClInclude Include="InventoryInfo.h">
      <Filter>Header Files</Filter>
    </ClInclude>
    <ClInclude Include="InventorySlotInfo.h">
      <Filter>Header Files</Filter>
    </ClInclude>
    <ClInclude Include="LevelWarInfo.h">
      <Filter>Header Files</Filter>
    </ClInclude>
    <ClInclude Include="ModifyInfo.h">
      <Filter>Header Files</Filter>
    </ClInclude>
    <ClInclude Include="PacketIDSet.h">
      <Filter>Header Files</Filter>
    </ClInclude>
    <ClInclude Include="PetInfo.h">
      <Filter>Header Files</Filter>
    </ClInclude>
    <ClInclude Include="QuestStatusInfo.h">
      <Filter>Header Files</Filter>
    </ClInclude>
    <ClInclude Include="RideMotorcycleInfo.h">
      <Filter>Header Files</Filter>
    </ClInclude>
    <ClInclude Include="RideMotorcycleSlotInfo.h">
      <Filter>Header Files</Filter>
    </ClInclude>
    <ClInclude Include="ScriptParameter.h">
      <Filter>Header Files</Filter>
    </ClInclude>
    <ClInclude Include="ServerGroupInfo.h">
      <Filter>Header Files</Filter>
    </ClInclude>
    <ClInclude Include="ValueList.h">
      <Filter>Header Files</Filter>
    </ClInclude>
  </ItemGroup>
</Project>