<?xml version="1.0" encoding="utf-8"?>
<Project ToolsVersion="4.0" xmlns="http://schemas.microsoft.com/developer/msbuild/2003">
  <ItemGroup>
    <Filter Include="Header Files">
      <UniqueIdentifier>{882dc97b-390c-4510-86f4-ed8afbdaa31b}</UniqueIdentifier>
    </Filter>
    <Filter Include="Source Files">
      <UniqueIdentifier>{7d221fb9-9547-467b-acb3-84e9d61d3041}</UniqueIdentifier>
    </Filter>
  </ItemGroup>
  <ItemGroup>
    <ClCompile Include="FileAPILocal.cpp">
      <Filter>Source Files</Filter>
    </ClCompile>
    <ClCompile Include="NMCryptAPI.cpp">
      <Filter>Source Files</Filter>
    </ClCompile>
    <ClCompile Include="NMCryptDll.cpp">
      <Filter>Source Files</Filter>
    </ClCompile>
    <ClCompile Include="StdAfx.cpp">
      <Filter>Source Files</Filter>
    </ClCompile>
    <ClCompile Include="Crypt.cpp">
      <Filter>Source Files</Filter>
    </ClCompile>
  </ItemGroup>
  <ItemGroup>
    <ClInclude Include="NMCrypt.h">
      <Filter>Header Files</Filter>
    </ClInclude>
    <ClInclude Include="NMCryptAPI.h">
      <Filter>Header Files</Filter>
    </ClInclude>
    <ClInclude Include="NMCryptDll.h">
      <Filter>Header Files</Filter>
    </ClInclude>
    <ClInclude Include="Resource.h">
      <Filter>Header Files</Filter>
    </ClInclude>
    <ClInclude Include="StdAfx.h">
      <Filter>Header Files</Filter>
    </ClInclude>
  </ItemGroup>
  <ItemGroup>
    <ResourceCompile Include="NMCryptDll.rc" />
  </ItemGroup>
  <ItemGroup>
    <None Include="NMCryptDll.def" />
    <None Include="NMCryptDll.rc2" />
  </ItemGroup>
</Project>